
Microsoft Visual Studio Solution File, Format Version 12.00
# Visual Studio Version 16
VisualStudioVersion = 16.0.30104.148
MinimumVisualStudioVersion = 10.0.40219.1
Project("{FAE04EC0-301F-11D3-BF4B-00C04F79EFBC}") = "Youtube-View-Time-Calci", "Youtube-View-Time-Calci.csproj", "{345C421F-21BF-4047-87D5-7EF540638725}"
EndProject
Global
	GlobalSection(SolutionConfigurationPlatforms) = preSolution
		Debug|Any CPU = Debug|Any CPU
		Release|Any CPU = Release|Any CPU
	EndGlobalSection
	GlobalSection(ProjectConfigurationPlatforms) = postSolution
		{345C421F-21BF-4047-87D5-7EF540638725}.Debug|Any CPU.ActiveCfg = Debug|Any CPU
		{345C421F-21BF-4047-87D5-7EF540638725}.Debug|Any CPU.Build.0 = Debug|Any CPU
		{345C421F-21BF-4047-87D5-7EF540638725}.Release|Any CPU.ActiveCfg = Release|Any CPU
		{345C421F-21BF-4047-87D5-7EF540638725}.Release|Any CPU.Build.0 = Release|Any CPU
	EndGlobalSection
	GlobalSection(SolutionProperties) = preSolution
		HideSolutionNode = FALSE
	EndGlobalSection
	GlobalSection(ExtensibilityGlobals) = postSolution
		SolutionGuid = {E3DA2941-851B-4516-A148-6930D484AEA7}
	EndGlobalSection
EndGlobal
